// !$*UTF8*$!
{
	archiveVersion = 1;
	classes = {
	};
	objectVersion = 56;
	objects = {

/* Begin PBXBuildFile section */
		2D5434D02BB7D7C000842809 /* AppDelegate.swift in Sources */ = {isa = PBXBuildFile; fileRef = 2D5434CF2BB7D7C000842809 /* AppDelegate.swift */; };
		2D5434D22BB7D7C000842809 /* SceneDelegate.swift in Sources */ = {isa = PBXBuildFile; fileRef = 2D5434D12BB7D7C000842809 /* SceneDelegate.swift */; };
		2D5434D42BB7D7C000842809 /* ViewController.swift in Sources */ = {isa = PBXBuildFile; fileRef = 2D5434D32BB7D7C000842809 /* ViewController.swift */; };
		2D5434D92BB7D7C200842809 /* Assets.xcassets in Resources */ = {isa = PBXBuildFile; fileRef = 2D5434D82BB7D7C200842809 /* Assets.xcassets */; };
		2D5434DC2BB7D7C200842809 /* LaunchScreen.storyboard in Resources */ = {isa = PBXBuildFile; fileRef = 2D5434DA2BB7D7C200842809 /* LaunchScreen.storyboard */; };
		2D5435002BB7E4B300842809 /* LoginViewController.swift in Sources */ = {isa = PBXBuildFile; fileRef = 2D5434FF2BB7E4B300842809 /* LoginViewController.swift */; };
		2D5435022BB7E92C00842809 /* WelcomeViewController.swift in Sources */ = {isa = PBXBuildFile; fileRef = 2D5435012BB7E92C00842809 /* WelcomeViewController.swift */; };
		2D9E88762C01C0D000F5082A /* Toast.swift in Sources */ = {isa = PBXBuildFile; fileRef = 2D9E88752C01C0D000F5082A /* Toast.swift */; };
		2D9E88782C01C0E400F5082A /* ObservablePattern.swift in Sources */ = {isa = PBXBuildFile; fileRef = 2D9E88772C01C0E400F5082A /* ObservablePattern.swift */; };
		2D9E887A2C01C0F800F5082A /* LoginViewController_MVVM.swift in Sources */ = {isa = PBXBuildFile; fileRef = 2D9E88792C01C0F800F5082A /* LoginViewController_MVVM.swift */; };
		2D9E887C2C01C10800F5082A /* LoginViewController_MVVMObservable.swift in Sources */ = {isa = PBXBuildFile; fileRef = 2D9E887B2C01C10800F5082A /* LoginViewController_MVVMObservable.swift */; };
		2D9E887E2C01C11600F5082A /* LoginViewModel.swift in Sources */ = {isa = PBXBuildFile; fileRef = 2D9E887D2C01C11600F5082A /* LoginViewModel.swift */; };
		2D9E88802C01C12400F5082A /* LoginViewModel_Observable.swift in Sources */ = {isa = PBXBuildFile; fileRef = 2D9E887F2C01C12400F5082A /* LoginViewModel_Observable.swift */; };
		2DA6CAFD2BB9CBDE00BDB26A /* Pretendard-Thin.otf in Resources */ = {isa = PBXBuildFile; fileRef = 2DA6CAF42BB9CBDE00BDB26A /* Pretendard-Thin.otf */; };
		2DA6CAFE2BB9CBDE00BDB26A /* Pretendard-ExtraBold.otf in Resources */ = {isa = PBXBuildFile; fileRef = 2DA6CAF52BB9CBDE00BDB26A /* Pretendard-ExtraBold.otf */; };
		2DA6CAFF2BB9CBDE00BDB26A /* Pretendard-SemiBold.otf in Resources */ = {isa = PBXBuildFile; fileRef = 2DA6CAF62BB9CBDE00BDB26A /* Pretendard-SemiBold.otf */; };
		2DA6CB002BB9CBDE00BDB26A /* Pretendard-Regular.otf in Resources */ = {isa = PBXBuildFile; fileRef = 2DA6CAF72BB9CBDE00BDB26A /* Pretendard-Regular.otf */; };
		2DA6CB012BB9CBDE00BDB26A /* Pretendard-Medium.otf in Resources */ = {isa = PBXBuildFile; fileRef = 2DA6CAF82BB9CBDE00BDB26A /* Pretendard-Medium.otf */; };
		2DA6CB022BB9CBDE00BDB26A /* Pretendard-ExtraLight.otf in Resources */ = {isa = PBXBuildFile; fileRef = 2DA6CAF92BB9CBDE00BDB26A /* Pretendard-ExtraLight.otf */; };
		2DA6CB032BB9CBDE00BDB26A /* Pretendard-Light.otf in Resources */ = {isa = PBXBuildFile; fileRef = 2DA6CAFA2BB9CBDE00BDB26A /* Pretendard-Light.otf */; };
		2DA6CB042BB9CBDE00BDB26A /* Pretendard-Bold.otf in Resources */ = {isa = PBXBuildFile; fileRef = 2DA6CAFB2BB9CBDE00BDB26A /* Pretendard-Bold.otf */; };
		2DA6CB052BB9CBDE00BDB26A /* Pretendard-Black.otf in Resources */ = {isa = PBXBuildFile; fileRef = 2DA6CAFC2BB9CBDE00BDB26A /* Pretendard-Black.otf */; };
		2DD09A382BD3883D0095DA9B /* LoginViewController_CustomView.swift in Sources */ = {isa = PBXBuildFile; fileRef = 2DD09A372BD3883D0095DA9B /* LoginViewController_CustomView.swift */; };
		2DD09A3A2BD388490095DA9B /* WelcomeViewController_CustomView.swift in Sources */ = {isa = PBXBuildFile; fileRef = 2DD09A392BD388490095DA9B /* WelcomeViewController_CustomView.swift */; };
		2DD09A3C2BD388A70095DA9B /* LoginView.swift in Sources */ = {isa = PBXBuildFile; fileRef = 2DD09A3B2BD388A70095DA9B /* LoginView.swift */; };
		2DD09A3F2BD38CD10095DA9B /* ChatViewController.swift in Sources */ = {isa = PBXBuildFile; fileRef = 2DD09A3E2BD38CD10095DA9B /* ChatViewController.swift */; };
		2DD09A412BD38DED0095DA9B /* ChatTableViewCell.swift in Sources */ = {isa = PBXBuildFile; fileRef = 2DD09A402BD38DED0095DA9B /* ChatTableViewCell.swift */; };
		2DD09A432BD39A280095DA9B /* ChatModel.swift in Sources */ = {isa = PBXBuildFile; fileRef = 2DD09A422BD39A280095DA9B /* ChatModel.swift */; };
		2DD09A452BD3A30C0095DA9B /* ItemViewController.swift in Sources */ = {isa = PBXBuildFile; fileRef = 2DD09A442BD3A30C0095DA9B /* ItemViewController.swift */; };
		2DD09A482BD3A3EA0095DA9B /* ItemCollectionViewCell.swift in Sources */ = {isa = PBXBuildFile; fileRef = 2DD09A472BD3A3EA0095DA9B /* ItemCollectionViewCell.swift */; };
		2DD09A4A2BD3A74C0095DA9B /* ItemModel.swift in Sources */ = {isa = PBXBuildFile; fileRef = 2DD09A492BD3A74C0095DA9B /* ItemModel.swift */; };
		2DD60FDB2BC1149C00B362F1 /* LoginViewController_DelegatePattern.swift in Sources */ = {isa = PBXBuildFile; fileRef = 2DD60FDA2BC1149C00B362F1 /* LoginViewController_DelegatePattern.swift */; };
		2DD60FDD2BC114AD00B362F1 /* WelcomeViewController_DelegatePattern.swift in Sources */ = {isa = PBXBuildFile; fileRef = 2DD60FDC2BC114AD00B362F1 /* WelcomeViewController_DelegatePattern.swift */; };
		2DD60FDF2BC11BA500B362F1 /* WelcomeViewController_Closure.swift in Sources */ = {isa = PBXBuildFile; fileRef = 2DD60FDE2BC11BA500B362F1 /* WelcomeViewController_Closure.swift */; };
		2DD60FE12BC11BAD00B362F1 /* LoginViewController_Closure.swift in Sources */ = {isa = PBXBuildFile; fileRef = 2DD60FE02BC11BAD00B362F1 /* LoginViewController_Closure.swift */; };
		2DD60FE62BC123ED00B362F1 /* WelcomeViewController_AutoLayout.swift in Sources */ = {isa = PBXBuildFile; fileRef = 2DD60FE52BC123ED00B362F1 /* WelcomeViewController_AutoLayout.swift */; };
		2DD60FE82BC123FE00B362F1 /* LoginViewController_AutoLayout.swift in Sources */ = {isa = PBXBuildFile; fileRef = 2DD60FE72BC123FE00B362F1 /* LoginViewController_AutoLayout.swift */; };
		2DD60FEB2BC127AE00B362F1 /* SnapKit in Frameworks */ = {isa = PBXBuildFile; productRef = 2DD60FEA2BC127AE00B362F1 /* SnapKit */; };
		2DD60FEE2BC1297200B362F1 /* WelcomeViewController_SnapKit.swift in Sources */ = {isa = PBXBuildFile; fileRef = 2DD60FED2BC1297200B362F1 /* WelcomeViewController_SnapKit.swift */; };
		2DD60FF02BC1298800B362F1 /* LoginViewController_SnapKit.swift in Sources */ = {isa = PBXBuildFile; fileRef = 2DD60FEF2BC1298800B362F1 /* LoginViewController_SnapKit.swift */; };
		2DD60FF32BC131A000B362F1 /* ScrollView.swift in Sources */ = {isa = PBXBuildFile; fileRef = 2DD60FF22BC131A000B362F1 /* ScrollView.swift */; };
		2DD6ECAB2BDCC84A00949D97 /* Moya in Frameworks */ = {isa = PBXBuildFile; productRef = 2DD6ECAA2BDCC84A00949D97 /* Moya */; };
		2DD6ECAD2BDCCB5700949D97 /* Config.swift in Sources */ = {isa = PBXBuildFile; fileRef = 2DD6ECAC2BDCCB5700949D97 /* Config.swift */; };
		2DD6ECAF2BDCCE0500949D97 /* NetworkResult.swift in Sources */ = {isa = PBXBuildFile; fileRef = 2DD6ECAE2BDCCE0500949D97 /* NetworkResult.swift */; };
		2DD6ECB12BDCCE1D00949D97 /* MoyaLoggingPlugin.swift in Sources */ = {isa = PBXBuildFile; fileRef = 2DD6ECB02BDCCE1D00949D97 /* MoyaLoggingPlugin.swift */; };
		2DD6ECB42BDCCE5500949D97 /* SignUpRequestModel.swift in Sources */ = {isa = PBXBuildFile; fileRef = 2DD6ECB32BDCCE5500949D97 /* SignUpRequestModel.swift */; };
		2DD6ECB62BDCCE6100949D97 /* SignUpResponseModel.swift in Sources */ = {isa = PBXBuildFile; fileRef = 2DD6ECB52BDCCE6100949D97 /* SignUpResponseModel.swift */; };
		2DD6ECB82BDCCE6A00949D97 /* SignUpViewController.swift in Sources */ = {isa = PBXBuildFile; fileRef = 2DD6ECB72BDCCE6A00949D97 /* SignUpViewController.swift */; };
		2DD6ECBA2BDCCE7200949D97 /* UserTargetType.swift in Sources */ = {isa = PBXBuildFile; fileRef = 2DD6ECB92BDCCE7200949D97 /* UserTargetType.swift */; };
		2DD6ECBC2BDCCE7900949D97 /* UserService.swift in Sources */ = {isa = PBXBuildFile; fileRef = 2DD6ECBB2BDCCE7900949D97 /* UserService.swift */; };
		2DD6ECBF2BDCCECA00949D97 /* CheckUserInfoViewController.swift in Sources */ = {isa = PBXBuildFile; fileRef = 2DD6ECBE2BDCCECA00949D97 /* CheckUserInfoViewController.swift */; };
		2DD6ECC12BDCCED200949D97 /* UserInfoResponseModel.swift in Sources */ = {isa = PBXBuildFile; fileRef = 2DD6ECC02BDCCED200949D97 /* UserInfoResponseModel.swift */; };
		2DD6ECC62BDCD02600949D97 /* Then in Frameworks */ = {isa = PBXBuildFile; productRef = 2DD6ECC52BDCD02600949D97 /* Then */; };
		2DD6ECC82BDCDA7700949D97 /* LoginRequestModel.swift in Sources */ = {isa = PBXBuildFile; fileRef = 2DD6ECC72BDCDA7700949D97 /* LoginRequestModel.swift */; };
		2DD6ECCB2BDCE22100949D97 /* LoginResponseModel.swift in Sources */ = {isa = PBXBuildFile; fileRef = 2DD6ECCA2BDCE22100949D97 /* LoginResponseModel.swift */; };
/* End PBXBuildFile section */

/* Begin PBXContainerItemProxy section */
		2D5434E32BB7D7C200842809 /* PBXContainerItemProxy */ = {
			isa = PBXContainerItemProxy;
			containerPortal = 2D5434C42BB7D7C000842809 /* Project object */;
			proxyType = 1;
			remoteGlobalIDString = 2D5434CB2BB7D7C000842809;
			remoteInfo = "34th-Sopt-Seminar";
		};
		2D5434ED2BB7D7C200842809 /* PBXContainerItemProxy */ = {
			isa = PBXContainerItemProxy;
			containerPortal = 2D5434C42BB7D7C000842809 /* Project object */;
			proxyType = 1;
			remoteGlobalIDString = 2D5434CB2BB7D7C000842809;
			remoteInfo = "34th-Sopt-Seminar";
		};
/* End PBXContainerItemProxy section */

/* Begin PBXFileReference section */
		2D5434CC2BB7D7C000842809 /* 34th-Sopt-Seminar.app */ = {isa = PBXFileReference; explicitFileType = wrapper.application; includeInIndex = 0; path = "34th-Sopt-Seminar.app"; sourceTree = BUILT_PRODUCTS_DIR; };
		2D5434CF2BB7D7C000842809 /* AppDelegate.swift */ = {isa = PBXFileReference; lastKnownFileType = sourcecode.swift; path = AppDelegate.swift; sourceTree = "<group>"; };
		2D5434D12BB7D7C000842809 /* SceneDelegate.swift */ = {isa = PBXFileReference; lastKnownFileType = sourcecode.swift; path = SceneDelegate.swift; sourceTree = "<group>"; };
		2D5434D32BB7D7C000842809 /* ViewController.swift */ = {isa = PBXFileReference; lastKnownFileType = sourcecode.swift; path = ViewController.swift; sourceTree = "<group>"; };
		2D5434D82BB7D7C200842809 /* Assets.xcassets */ = {isa = PBXFileReference; lastKnownFileType = folder.assetcatalog; path = Assets.xcassets; sourceTree = "<group>"; };
		2D5434DB2BB7D7C200842809 /* Base */ = {isa = PBXFileReference; lastKnownFileType = file.storyboard; name = Base; path = Base.lproj/LaunchScreen.storyboard; sourceTree = "<group>"; };
		2D5434DD2BB7D7C200842809 /* Info.plist */ = {isa = PBXFileReference; lastKnownFileType = text.plist.xml; path = Info.plist; sourceTree = "<group>"; };
		2D5434E22BB7D7C200842809 /* 34th-Sopt-SeminarTests.xctest */ = {isa = PBXFileReference; explicitFileType = wrapper.cfbundle; includeInIndex = 0; path = "34th-Sopt-SeminarTests.xctest"; sourceTree = BUILT_PRODUCTS_DIR; };
		2D5434EC2BB7D7C200842809 /* 34th-Sopt-SeminarUITests.xctest */ = {isa = PBXFileReference; explicitFileType = wrapper.cfbundle; includeInIndex = 0; path = "34th-Sopt-SeminarUITests.xctest"; sourceTree = BUILT_PRODUCTS_DIR; };
		2D5434FF2BB7E4B300842809 /* LoginViewController.swift */ = {isa = PBXFileReference; lastKnownFileType = sourcecode.swift; path = LoginViewController.swift; sourceTree = "<group>"; };
		2D5435012BB7E92C00842809 /* WelcomeViewController.swift */ = {isa = PBXFileReference; lastKnownFileType = sourcecode.swift; path = WelcomeViewController.swift; sourceTree = "<group>"; };
		2D9E88752C01C0D000F5082A /* Toast.swift */ = {isa = PBXFileReference; lastKnownFileType = sourcecode.swift; path = Toast.swift; sourceTree = "<group>"; };
		2D9E88772C01C0E400F5082A /* ObservablePattern.swift */ = {isa = PBXFileReference; lastKnownFileType = sourcecode.swift; path = ObservablePattern.swift; sourceTree = "<group>"; };
		2D9E88792C01C0F800F5082A /* LoginViewController_MVVM.swift */ = {isa = PBXFileReference; lastKnownFileType = sourcecode.swift; path = LoginViewController_MVVM.swift; sourceTree = "<group>"; };
		2D9E887B2C01C10800F5082A /* LoginViewController_MVVMObservable.swift */ = {isa = PBXFileReference; lastKnownFileType = sourcecode.swift; path = LoginViewController_MVVMObservable.swift; sourceTree = "<group>"; };
		2D9E887D2C01C11600F5082A /* LoginViewModel.swift */ = {isa = PBXFileReference; lastKnownFileType = sourcecode.swift; path = LoginViewModel.swift; sourceTree = "<group>"; };
		2D9E887F2C01C12400F5082A /* LoginViewModel_Observable.swift */ = {isa = PBXFileReference; lastKnownFileType = sourcecode.swift; path = LoginViewModel_Observable.swift; sourceTree = "<group>"; };
		2DA6CAF42BB9CBDE00BDB26A /* Pretendard-Thin.otf */ = {isa = PBXFileReference; lastKnownFileType = file; path = "Pretendard-Thin.otf"; sourceTree = "<group>"; };
		2DA6CAF52BB9CBDE00BDB26A /* Pretendard-ExtraBold.otf */ = {isa = PBXFileReference; lastKnownFileType = file; path = "Pretendard-ExtraBold.otf"; sourceTree = "<group>"; };
		2DA6CAF62BB9CBDE00BDB26A /* Pretendard-SemiBold.otf */ = {isa = PBXFileReference; lastKnownFileType = file; path = "Pretendard-SemiBold.otf"; sourceTree = "<group>"; };
		2DA6CAF72BB9CBDE00BDB26A /* Pretendard-Regular.otf */ = {isa = PBXFileReference; lastKnownFileType = file; path = "Pretendard-Regular.otf"; sourceTree = "<group>"; };
		2DA6CAF82BB9CBDE00BDB26A /* Pretendard-Medium.otf */ = {isa = PBXFileReference; lastKnownFileType = file; path = "Pretendard-Medium.otf"; sourceTree = "<group>"; };
		2DA6CAF92BB9CBDE00BDB26A /* Pretendard-ExtraLight.otf */ = {isa = PBXFileReference; lastKnownFileType = file; path = "Pretendard-ExtraLight.otf"; sourceTree = "<group>"; };
		2DA6CAFA2BB9CBDE00BDB26A /* Pretendard-Light.otf */ = {isa = PBXFileReference; lastKnownFileType = file; path = "Pretendard-Light.otf"; sourceTree = "<group>"; };
		2DA6CAFB2BB9CBDE00BDB26A /* Pretendard-Bold.otf */ = {isa = PBXFileReference; lastKnownFileType = file; path = "Pretendard-Bold.otf"; sourceTree = "<group>"; };
		2DA6CAFC2BB9CBDE00BDB26A /* Pretendard-Black.otf */ = {isa = PBXFileReference; lastKnownFileType = file; path = "Pretendard-Black.otf"; sourceTree = "<group>"; };
		2DD09A372BD3883D0095DA9B /* LoginViewController_CustomView.swift */ = {isa = PBXFileReference; lastKnownFileType = sourcecode.swift; path = LoginViewController_CustomView.swift; sourceTree = "<group>"; };
		2DD09A392BD388490095DA9B /* WelcomeViewController_CustomView.swift */ = {isa = PBXFileReference; lastKnownFileType = sourcecode.swift; path = WelcomeViewController_CustomView.swift; sourceTree = "<group>"; };
		2DD09A3B2BD388A70095DA9B /* LoginView.swift */ = {isa = PBXFileReference; lastKnownFileType = sourcecode.swift; path = LoginView.swift; sourceTree = "<group>"; };
		2DD09A3E2BD38CD10095DA9B /* ChatViewController.swift */ = {isa = PBXFileReference; lastKnownFileType = sourcecode.swift; path = ChatViewController.swift; sourceTree = "<group>"; };
		2DD09A402BD38DED0095DA9B /* ChatTableViewCell.swift */ = {isa = PBXFileReference; lastKnownFileType = sourcecode.swift; path = ChatTableViewCell.swift; sourceTree = "<group>"; };
		2DD09A422BD39A280095DA9B /* ChatModel.swift */ = {isa = PBXFileReference; lastKnownFileType = sourcecode.swift; path = ChatModel.swift; sourceTree = "<group>"; };
		2DD09A442BD3A30C0095DA9B /* ItemViewController.swift */ = {isa = PBXFileReference; lastKnownFileType = sourcecode.swift; path = ItemViewController.swift; sourceTree = "<group>"; };
		2DD09A472BD3A3EA0095DA9B /* ItemCollectionViewCell.swift */ = {isa = PBXFileReference; lastKnownFileType = sourcecode.swift; path = ItemCollectionViewCell.swift; sourceTree = "<group>"; };
		2DD09A492BD3A74C0095DA9B /* ItemModel.swift */ = {isa = PBXFileReference; lastKnownFileType = sourcecode.swift; path = ItemModel.swift; sourceTree = "<group>"; };
		2DD60FDA2BC1149C00B362F1 /* LoginViewController_DelegatePattern.swift */ = {isa = PBXFileReference; lastKnownFileType = sourcecode.swift; path = LoginViewController_DelegatePattern.swift; sourceTree = "<group>"; };
		2DD60FDC2BC114AD00B362F1 /* WelcomeViewController_DelegatePattern.swift */ = {isa = PBXFileReference; lastKnownFileType = sourcecode.swift; path = WelcomeViewController_DelegatePattern.swift; sourceTree = "<group>"; };
		2DD60FDE2BC11BA500B362F1 /* WelcomeViewController_Closure.swift */ = {isa = PBXFileReference; lastKnownFileType = sourcecode.swift; path = WelcomeViewController_Closure.swift; sourceTree = "<group>"; };
		2DD60FE02BC11BAD00B362F1 /* LoginViewController_Closure.swift */ = {isa = PBXFileReference; lastKnownFileType = sourcecode.swift; path = LoginViewController_Closure.swift; sourceTree = "<group>"; };
		2DD60FE52BC123ED00B362F1 /* WelcomeViewController_AutoLayout.swift */ = {isa = PBXFileReference; lastKnownFileType = sourcecode.swift; path = WelcomeViewController_AutoLayout.swift; sourceTree = "<group>"; };
		2DD60FE72BC123FE00B362F1 /* LoginViewController_AutoLayout.swift */ = {isa = PBXFileReference; lastKnownFileType = sourcecode.swift; path = LoginViewController_AutoLayout.swift; sourceTree = "<group>"; };
		2DD60FED2BC1297200B362F1 /* WelcomeViewController_SnapKit.swift */ = {isa = PBXFileReference; lastKnownFileType = sourcecode.swift; path = WelcomeViewController_SnapKit.swift; sourceTree = "<group>"; };
		2DD60FEF2BC1298800B362F1 /* LoginViewController_SnapKit.swift */ = {isa = PBXFileReference; lastKnownFileType = sourcecode.swift; path = LoginViewController_SnapKit.swift; sourceTree = "<group>"; };
		2DD60FF22BC131A000B362F1 /* ScrollView.swift */ = {isa = PBXFileReference; lastKnownFileType = sourcecode.swift; path = ScrollView.swift; sourceTree = "<group>"; };
		2DD6ECAC2BDCCB5700949D97 /* Config.swift */ = {isa = PBXFileReference; lastKnownFileType = sourcecode.swift; path = Config.swift; sourceTree = "<group>"; };
		2DD6ECAE2BDCCE0500949D97 /* NetworkResult.swift */ = {isa = PBXFileReference; lastKnownFileType = sourcecode.swift; path = NetworkResult.swift; sourceTree = "<group>"; };
		2DD6ECB02BDCCE1D00949D97 /* MoyaLoggingPlugin.swift */ = {isa = PBXFileReference; lastKnownFileType = sourcecode.swift; path = MoyaLoggingPlugin.swift; sourceTree = "<group>"; };
		2DD6ECB32BDCCE5500949D97 /* SignUpRequestModel.swift */ = {isa = PBXFileReference; lastKnownFileType = sourcecode.swift; path = SignUpRequestModel.swift; sourceTree = "<group>"; };
		2DD6ECB52BDCCE6100949D97 /* SignUpResponseModel.swift */ = {isa = PBXFileReference; lastKnownFileType = sourcecode.swift; path = SignUpResponseModel.swift; sourceTree = "<group>"; };
		2DD6ECB72BDCCE6A00949D97 /* SignUpViewController.swift */ = {isa = PBXFileReference; lastKnownFileType = sourcecode.swift; path = SignUpViewController.swift; sourceTree = "<group>"; };
		2DD6ECB92BDCCE7200949D97 /* UserTargetType.swift */ = {isa = PBXFileReference; lastKnownFileType = sourcecode.swift; path = UserTargetType.swift; sourceTree = "<group>"; };
		2DD6ECBB2BDCCE7900949D97 /* UserService.swift */ = {isa = PBXFileReference; lastKnownFileType = sourcecode.swift; path = UserService.swift; sourceTree = "<group>"; };
		2DD6ECBE2BDCCECA00949D97 /* CheckUserInfoViewController.swift */ = {isa = PBXFileReference; lastKnownFileType = sourcecode.swift; path = CheckUserInfoViewController.swift; sourceTree = "<group>"; };
		2DD6ECC02BDCCED200949D97 /* UserInfoResponseModel.swift */ = {isa = PBXFileReference; lastKnownFileType = sourcecode.swift; path = UserInfoResponseModel.swift; sourceTree = "<group>"; };
		2DD6ECC72BDCDA7700949D97 /* LoginRequestModel.swift */ = {isa = PBXFileReference; lastKnownFileType = sourcecode.swift; path = LoginRequestModel.swift; sourceTree = "<group>"; };
		2DD6ECCA2BDCE22100949D97 /* LoginResponseModel.swift */ = {isa = PBXFileReference; lastKnownFileType = sourcecode.swift; path = LoginResponseModel.swift; sourceTree = "<group>"; };
/* End PBXFileReference section */

/* Begin PBXFrameworksBuildPhase section */
		2D5434C92BB7D7C000842809 /* Frameworks */ = {
			isa = PBXFrameworksBuildPhase;
			buildActionMask = 2147483647;
			files = (
				2DD6ECAB2BDCC84A00949D97 /* Moya in Frameworks */,
				2DD6ECC62BDCD02600949D97 /* Then in Frameworks */,
				2DD60FEB2BC127AE00B362F1 /* SnapKit in Frameworks */,
			);
			runOnlyForDeploymentPostprocessing = 0;
		};
		2D5434DF2BB7D7C200842809 /* Frameworks */ = {
			isa = PBXFrameworksBuildPhase;
			buildActionMask = 2147483647;
			files = (
			);
			runOnlyForDeploymentPostprocessing = 0;
		};
		2D5434E92BB7D7C200842809 /* Frameworks */ = {
			isa = PBXFrameworksBuildPhase;
			buildActionMask = 2147483647;
			files = (
			);
			runOnlyForDeploymentPostprocessing = 0;
		};
/* End PBXFrameworksBuildPhase section */

/* Begin PBXGroup section */
		2D5434C32BB7D7C000842809 = {
			isa = PBXGroup;
			children = (
				2D5434CE2BB7D7C000842809 /* 34th-Sopt-Seminar */,
				2D5434CD2BB7D7C000842809 /* Products */,
			);
			sourceTree = "<group>";
		};
		2D5434CD2BB7D7C000842809 /* Products */ = {
			isa = PBXGroup;
			children = (
				2D5434CC2BB7D7C000842809 /* 34th-Sopt-Seminar.app */,
				2D5434E22BB7D7C200842809 /* 34th-Sopt-SeminarTests.xctest */,
				2D5434EC2BB7D7C200842809 /* 34th-Sopt-SeminarUITests.xctest */,
			);
			name = Products;
			sourceTree = "<group>";
		};
		2D5434CE2BB7D7C000842809 /* 34th-Sopt-Seminar */ = {
			isa = PBXGroup;
			children = (
				2DA6CAF32BB9CB4400BDB26A /* Font */,
				2D5434CF2BB7D7C000842809 /* AppDelegate.swift */,
				2D5434D12BB7D7C000842809 /* SceneDelegate.swift */,
				2DD60FD82BC1146300B362F1 /* 1st */,
				2D5434D82BB7D7C200842809 /* Assets.xcassets */,
				2DD60FD92BC1146B00B362F1 /* 2rd */,
				2DD09A362BD388010095DA9B /* 3rd */,
				2D5434DA2BB7D7C200842809 /* LaunchScreen.storyboard */,
				2D5434DD2BB7D7C200842809 /* Info.plist */,
				2DD6ECC32BDCCF0A00949D97 /* 4th */,
				2D9E88742C01C0AC00F5082A /* 6th */,
			);
			path = "34th-Sopt-Seminar";
			sourceTree = "<group>";
		};
		2D9E88742C01C0AC00F5082A /* 6th */ = {
			isa = PBXGroup;
			children = (
				2D9E88752C01C0D000F5082A /* Toast.swift */,
				2D9E88772C01C0E400F5082A /* ObservablePattern.swift */,
				2D9E88792C01C0F800F5082A /* LoginViewController_MVVM.swift */,
				2D9E887B2C01C10800F5082A /* LoginViewController_MVVMObservable.swift */,
				2D9E887D2C01C11600F5082A /* LoginViewModel.swift */,
				2D9E887F2C01C12400F5082A /* LoginViewModel_Observable.swift */,
			);
			path = 6th;
			sourceTree = "<group>";
		};
		2DA6CAF32BB9CB4400BDB26A /* Font */ = {
			isa = PBXGroup;
			children = (
				2DA6CAFC2BB9CBDE00BDB26A /* Pretendard-Black.otf */,
				2DA6CAFB2BB9CBDE00BDB26A /* Pretendard-Bold.otf */,
				2DA6CAF52BB9CBDE00BDB26A /* Pretendard-ExtraBold.otf */,
				2DA6CAF92BB9CBDE00BDB26A /* Pretendard-ExtraLight.otf */,
				2DA6CAFA2BB9CBDE00BDB26A /* Pretendard-Light.otf */,
				2DA6CAF82BB9CBDE00BDB26A /* Pretendard-Medium.otf */,
				2DA6CAF72BB9CBDE00BDB26A /* Pretendard-Regular.otf */,
				2DA6CAF62BB9CBDE00BDB26A /* Pretendard-SemiBold.otf */,
				2DA6CAF42BB9CBDE00BDB26A /* Pretendard-Thin.otf */,
			);
			path = Font;
			sourceTree = "<group>";
		};
		2DD09A362BD388010095DA9B /* 3rd */ = {
			isa = PBXGroup;
			children = (
				2DD09A442BD3A30C0095DA9B /* ItemViewController.swift */,
				2DD09A492BD3A74C0095DA9B /* ItemModel.swift */,
				2DD09A472BD3A3EA0095DA9B /* ItemCollectionViewCell.swift */,
				2DD09A462BD3A3B20095DA9B /* TableView */,
				2DD09A3D2BD38B6C0095DA9B /* CustomView */,
			);
			path = 3rd;
			sourceTree = "<group>";
		};
		2DD09A3D2BD38B6C0095DA9B /* CustomView */ = {
			isa = PBXGroup;
			children = (
				2DD09A372BD3883D0095DA9B /* LoginViewController_CustomView.swift */,
				2DD6ECC92BDCDA8400949D97 /* LoginModel */,
				2DD09A3B2BD388A70095DA9B /* LoginView.swift */,
				2DD09A392BD388490095DA9B /* WelcomeViewController_CustomView.swift */,
			);
			path = CustomView;
			sourceTree = "<group>";
		};
		2DD09A462BD3A3B20095DA9B /* TableView */ = {
			isa = PBXGroup;
			children = (
				2DD09A3E2BD38CD10095DA9B /* ChatViewController.swift */,
				2DD09A402BD38DED0095DA9B /* ChatTableViewCell.swift */,
				2DD09A422BD39A280095DA9B /* ChatModel.swift */,
			);
			path = TableView;
			sourceTree = "<group>";
		};
		2DD60FD82BC1146300B362F1 /* 1st */ = {
			isa = PBXGroup;
			children = (
				2D5435012BB7E92C00842809 /* WelcomeViewController.swift */,
				2D5434FF2BB7E4B300842809 /* LoginViewController.swift */,
				2D5434D32BB7D7C000842809 /* ViewController.swift */,
			);
			path = 1st;
			sourceTree = "<group>";
		};
		2DD60FD92BC1146B00B362F1 /* 2rd */ = {
			isa = PBXGroup;
			children = (
				2DD60FF12BC1315900B362F1 /* ScrollView */,
				2DD60FEC2BC1295C00B362F1 /* SnapKit */,
				2DD60FE42BC123C000B362F1 /* AutoLayout */,
				2DD60FE32BC11C7400B362F1 /* DelegatePattern */,
				2DD60FE22BC11C6800B362F1 /* Closure */,
			);
			path = 2rd;
			sourceTree = "<group>";
		};
		2DD60FE22BC11C6800B362F1 /* Closure */ = {
			isa = PBXGroup;
			children = (
				2DD60FDE2BC11BA500B362F1 /* WelcomeViewController_Closure.swift */,
				2DD60FE02BC11BAD00B362F1 /* LoginViewController_Closure.swift */,
			);
			path = Closure;
			sourceTree = "<group>";
		};
		2DD60FE32BC11C7400B362F1 /* DelegatePattern */ = {
			isa = PBXGroup;
			children = (
				2DD60FDC2BC114AD00B362F1 /* WelcomeViewController_DelegatePattern.swift */,
				2DD60FDA2BC1149C00B362F1 /* LoginViewController_DelegatePattern.swift */,
			);
			path = DelegatePattern;
			sourceTree = "<group>";
		};
		2DD60FE42BC123C000B362F1 /* AutoLayout */ = {
			isa = PBXGroup;
			children = (
				2DD60FE52BC123ED00B362F1 /* WelcomeViewController_AutoLayout.swift */,
				2DD60FE72BC123FE00B362F1 /* LoginViewController_AutoLayout.swift */,
			);
			path = AutoLayout;
			sourceTree = "<group>";
		};
		2DD60FEC2BC1295C00B362F1 /* SnapKit */ = {
			isa = PBXGroup;
			children = (
				2DD60FED2BC1297200B362F1 /* WelcomeViewController_SnapKit.swift */,
				2DD60FEF2BC1298800B362F1 /* LoginViewController_SnapKit.swift */,
			);
			path = SnapKit;
			sourceTree = "<group>";
		};
		2DD60FF12BC1315900B362F1 /* ScrollView */ = {
			isa = PBXGroup;
			children = (
				2DD60FF22BC131A000B362F1 /* ScrollView.swift */,
			);
			path = ScrollView;
			sourceTree = "<group>";
		};
		2DD6ECB22BDCCE3E00949D97 /* Network */ = {
			isa = PBXGroup;
			children = (
				2DD6ECAC2BDCCB5700949D97 /* Config.swift */,
				2DD6ECAE2BDCCE0500949D97 /* NetworkResult.swift */,
				2DD6ECB02BDCCE1D00949D97 /* MoyaLoggingPlugin.swift */,
			);
			path = Network;
			sourceTree = "<group>";
		};
		2DD6ECBD2BDCCEAF00949D97 /* SignUp */ = {
			isa = PBXGroup;
			children = (
				2DD6ECCC2BDCE22F00949D97 /* SignUpModel */,
				2DD6ECB72BDCCE6A00949D97 /* SignUpViewController.swift */,
				2DD6ECB92BDCCE7200949D97 /* UserTargetType.swift */,
				2DD6ECBB2BDCCE7900949D97 /* UserService.swift */,
			);
			path = SignUp;
			sourceTree = "<group>";
		};
		2DD6ECC22BDCCEE900949D97 /* UserInfo */ = {
			isa = PBXGroup;
			children = (
				2DD6ECBE2BDCCECA00949D97 /* CheckUserInfoViewController.swift */,
				2DD6ECC02BDCCED200949D97 /* UserInfoResponseModel.swift */,
			);
			path = UserInfo;
			sourceTree = "<group>";
		};
		2DD6ECC32BDCCF0A00949D97 /* 4th */ = {
			isa = PBXGroup;
			children = (
				2DD6ECB22BDCCE3E00949D97 /* Network */,
				2DD6ECBD2BDCCEAF00949D97 /* SignUp */,
				2DD6ECC22BDCCEE900949D97 /* UserInfo */,
			);
			path = 4th;
			sourceTree = "<group>";
		};
		2DD6ECC92BDCDA8400949D97 /* LoginModel */ = {
			isa = PBXGroup;
			children = (
				2DD6ECC72BDCDA7700949D97 /* LoginRequestModel.swift */,
				2DD6ECCA2BDCE22100949D97 /* LoginResponseModel.swift */,
			);
			path = LoginModel;
			sourceTree = "<group>";
		};
		2DD6ECCC2BDCE22F00949D97 /* SignUpModel */ = {
			isa = PBXGroup;
			children = (
				2DD6ECB32BDCCE5500949D97 /* SignUpRequestModel.swift */,
				2DD6ECB52BDCCE6100949D97 /* SignUpResponseModel.swift */,
			);
			path = SignUpModel;
			sourceTree = "<group>";
		};
/* End PBXGroup section */

/* Begin PBXNativeTarget section */
		2D5434CB2BB7D7C000842809 /* 34th-Sopt-Seminar */ = {
			isa = PBXNativeTarget;
			buildConfigurationList = 2D5434F62BB7D7C200842809 /* Build configuration list for PBXNativeTarget "34th-Sopt-Seminar" */;
			buildPhases = (
				2D5434C82BB7D7C000842809 /* Sources */,
				2D5434C92BB7D7C000842809 /* Frameworks */,
				2D5434CA2BB7D7C000842809 /* Resources */,
			);
			buildRules = (
			);
			dependencies = (
			);
			name = "34th-Sopt-Seminar";
			packageProductDependencies = (
				2DD60FEA2BC127AE00B362F1 /* SnapKit */,
				2DD6ECAA2BDCC84A00949D97 /* Moya */,
				2DD6ECC52BDCD02600949D97 /* Then */,
			);
			productName = "34th-Sopt-Seminar";
			productReference = 2D5434CC2BB7D7C000842809 /* 34th-Sopt-Seminar.app */;
			productType = "com.apple.product-type.application";
		};
		2D5434E12BB7D7C200842809 /* 34th-Sopt-SeminarTests */ = {
			isa = PBXNativeTarget;
			buildConfigurationList = 2D5434F92BB7D7C200842809 /* Build configuration list for PBXNativeTarget "34th-Sopt-SeminarTests" */;
			buildPhases = (
				2D5434DE2BB7D7C200842809 /* Sources */,
				2D5434DF2BB7D7C200842809 /* Frameworks */,
				2D5434E02BB7D7C200842809 /* Resources */,
			);
			buildRules = (
			);
			dependencies = (
				2D5434E42BB7D7C200842809 /* PBXTargetDependency */,
			);
			name = "34th-Sopt-SeminarTests";
			productName = "34th-Sopt-SeminarTests";
			productReference = 2D5434E22BB7D7C200842809 /* 34th-Sopt-SeminarTests.xctest */;
			productType = "com.apple.product-type.bundle.unit-test";
		};
		2D5434EB2BB7D7C200842809 /* 34th-Sopt-SeminarUITests */ = {
			isa = PBXNativeTarget;
			buildConfigurationList = 2D5434FC2BB7D7C200842809 /* Build configuration list for PBXNativeTarget "34th-Sopt-SeminarUITests" */;
			buildPhases = (
				2D5434E82BB7D7C200842809 /* Sources */,
				2D5434E92BB7D7C200842809 /* Frameworks */,
				2D5434EA2BB7D7C200842809 /* Resources */,
			);
			buildRules = (
			);
			dependencies = (
				2D5434EE2BB7D7C200842809 /* PBXTargetDependency */,
			);
			name = "34th-Sopt-SeminarUITests";
			productName = "34th-Sopt-SeminarUITests";
			productReference = 2D5434EC2BB7D7C200842809 /* 34th-Sopt-SeminarUITests.xctest */;
			productType = "com.apple.product-type.bundle.ui-testing";
		};
/* End PBXNativeTarget section */

/* Begin PBXProject section */
		2D5434C42BB7D7C000842809 /* Project object */ = {
			isa = PBXProject;
			attributes = {
				BuildIndependentTargetsInParallel = 1;
				LastSwiftUpdateCheck = 1500;
				LastUpgradeCheck = 1500;
				TargetAttributes = {
					2D5434CB2BB7D7C000842809 = {
						CreatedOnToolsVersion = 15.0.1;
					};
					2D5434E12BB7D7C200842809 = {
						CreatedOnToolsVersion = 15.0.1;
						TestTargetID = 2D5434CB2BB7D7C000842809;
					};
					2D5434EB2BB7D7C200842809 = {
						CreatedOnToolsVersion = 15.0.1;
						TestTargetID = 2D5434CB2BB7D7C000842809;
					};
				};
			};
			buildConfigurationList = 2D5434C72BB7D7C000842809 /* Build configuration list for PBXProject "34th-Sopt-Seminar" */;
			compatibilityVersion = "Xcode 14.0";
			developmentRegion = en;
			hasScannedForEncodings = 0;
			knownRegions = (
				en,
				Base,
			);
			mainGroup = 2D5434C32BB7D7C000842809;
			packageReferences = (
				2DD60FE92BC127AE00B362F1 /* XCRemoteSwiftPackageReference "SnapKit" */,
				2DD6ECA92BDCC84A00949D97 /* XCRemoteSwiftPackageReference "Moya" */,
				2DD6ECC42BDCD02600949D97 /* XCRemoteSwiftPackageReference "Then" */,
			);
			productRefGroup = 2D5434CD2BB7D7C000842809 /* Products */;
			projectDirPath = "";
			projectRoot = "";
			targets = (
				2D5434CB2BB7D7C000842809 /* 34th-Sopt-Seminar */,
				2D5434E12BB7D7C200842809 /* 34th-Sopt-SeminarTests */,
				2D5434EB2BB7D7C200842809 /* 34th-Sopt-SeminarUITests */,
			);
		};
/* End PBXProject section */

/* Begin PBXResourcesBuildPhase section */
		2D5434CA2BB7D7C000842809 /* Resources */ = {
			isa = PBXResourcesBuildPhase;
			buildActionMask = 2147483647;
			files = (
				2DA6CB042BB9CBDE00BDB26A /* Pretendard-Bold.otf in Resources */,
				2DA6CB022BB9CBDE00BDB26A /* Pretendard-ExtraLight.otf in Resources */,
				2D5434DC2BB7D7C200842809 /* LaunchScreen.storyboard in Resources */,
				2D5434D92BB7D7C200842809 /* Assets.xcassets in Resources */,
				2DA6CB032BB9CBDE00BDB26A /* Pretendard-Light.otf in Resources */,
				2DA6CAFE2BB9CBDE00BDB26A /* Pretendard-ExtraBold.otf in Resources */,
				2DA6CB012BB9CBDE00BDB26A /* Pretendard-Medium.otf in Resources */,
				2DA6CAFF2BB9CBDE00BDB26A /* Pretendard-SemiBold.otf in Resources */,
				2DA6CB002BB9CBDE00BDB26A /* Pretendard-Regular.otf in Resources */,
				2DA6CB052BB9CBDE00BDB26A /* Pretendard-Black.otf in Resources */,
				2DA6CAFD2BB9CBDE00BDB26A /* Pretendard-Thin.otf in Resources */,
			);
			runOnlyForDeploymentPostprocessing = 0;
		};
		2D5434E02BB7D7C200842809 /* Resources */ = {
			isa = PBXResourcesBuildPhase;
			buildActionMask = 2147483647;
			files = (
			);
			runOnlyForDeploymentPostprocessing = 0;
		};
		2D5434EA2BB7D7C200842809 /* Resources */ = {
			isa = PBXResourcesBuildPhase;
			buildActionMask = 2147483647;
			files = (
			);
			runOnlyForDeploymentPostprocessing = 0;
		};
/* End PBXResourcesBuildPhase section */

/* Begin PBXSourcesBuildPhase section */
		2D5434C82BB7D7C000842809 /* Sources */ = {
			isa = PBXSourcesBuildPhase;
			buildActionMask = 2147483647;
			files = (
				2DD6ECC12BDCCED200949D97 /* UserInfoResponseModel.swift in Sources */,
				2D5435002BB7E4B300842809 /* LoginViewController.swift in Sources */,
				2DD09A482BD3A3EA0095DA9B /* ItemCollectionViewCell.swift in Sources */,
				2DD60FF32BC131A000B362F1 /* ScrollView.swift in Sources */,
				2DD09A4A2BD3A74C0095DA9B /* ItemModel.swift in Sources */,
				2D5435022BB7E92C00842809 /* WelcomeViewController.swift in Sources */,
				2D9E88802C01C12400F5082A /* LoginViewModel_Observable.swift in Sources */,
				2DD6ECAD2BDCCB5700949D97 /* Config.swift in Sources */,
				2DD60FF02BC1298800B362F1 /* LoginViewController_SnapKit.swift in Sources */,
				2DD60FDD2BC114AD00B362F1 /* WelcomeViewController_DelegatePattern.swift in Sources */,
				2DD60FDB2BC1149C00B362F1 /* LoginViewController_DelegatePattern.swift in Sources */,
				2DD09A382BD3883D0095DA9B /* LoginViewController_CustomView.swift in Sources */,
				2D9E88782C01C0E400F5082A /* ObservablePattern.swift in Sources */,
				2DD60FE62BC123ED00B362F1 /* WelcomeViewController_AutoLayout.swift in Sources */,
				2DD60FE12BC11BAD00B362F1 /* LoginViewController_Closure.swift in Sources */,
				2DD6ECBF2BDCCECA00949D97 /* CheckUserInfoViewController.swift in Sources */,
				2D9E887C2C01C10800F5082A /* LoginViewController_MVVMObservable.swift in Sources */,
				2D5434D42BB7D7C000842809 /* ViewController.swift in Sources */,
				2DD6ECCB2BDCE22100949D97 /* LoginResponseModel.swift in Sources */,
				2DD6ECBC2BDCCE7900949D97 /* UserService.swift in Sources */,
				2DD09A412BD38DED0095DA9B /* ChatTableViewCell.swift in Sources */,
				2DD6ECB12BDCCE1D00949D97 /* MoyaLoggingPlugin.swift in Sources */,
				2DD09A3C2BD388A70095DA9B /* LoginView.swift in Sources */,
				2DD6ECB82BDCCE6A00949D97 /* SignUpViewController.swift in Sources */,
				2DD60FE82BC123FE00B362F1 /* LoginViewController_AutoLayout.swift in Sources */,
				2DD6ECB42BDCCE5500949D97 /* SignUpRequestModel.swift in Sources */,
				2DD6ECB62BDCCE6100949D97 /* SignUpResponseModel.swift in Sources */,
				2DD60FDF2BC11BA500B362F1 /* WelcomeViewController_Closure.swift in Sources */,
				2D9E88762C01C0D000F5082A /* Toast.swift in Sources */,
				2D9E887E2C01C11600F5082A /* LoginViewModel.swift in Sources */,
				2DD09A452BD3A30C0095DA9B /* ItemViewController.swift in Sources */,
				2D5434D02BB7D7C000842809 /* AppDelegate.swift in Sources */,
				2DD09A432BD39A280095DA9B /* ChatModel.swift in Sources */,
				2DD6ECC82BDCDA7700949D97 /* LoginRequestModel.swift in Sources */,
				2DD09A3A2BD388490095DA9B /* WelcomeViewController_CustomView.swift in Sources */,
				2DD6ECBA2BDCCE7200949D97 /* UserTargetType.swift in Sources */,
				2DD6ECAF2BDCCE0500949D97 /* NetworkResult.swift in Sources */,
				2D9E887A2C01C0F800F5082A /* LoginViewController_MVVM.swift in Sources */,
				2DD60FEE2BC1297200B362F1 /* WelcomeViewController_SnapKit.swift in Sources */,
				2DD09A3F2BD38CD10095DA9B /* ChatViewController.swift in Sources */,
				2D5434D22BB7D7C000842809 /* SceneDelegate.swift in Sources */,
			);
			runOnlyForDeploymentPostprocessing = 0;
		};
		2D5434DE2BB7D7C200842809 /* Sources */ = {
			isa = PBXSourcesBuildPhase;
			buildActionMask = 2147483647;
			files = (
			);
			runOnlyForDeploymentPostprocessing = 0;
		};
		2D5434E82BB7D7C200842809 /* Sources */ = {
			isa = PBXSourcesBuildPhase;
			buildActionMask = 2147483647;
			files = (
			);
			runOnlyForDeploymentPostprocessing = 0;
		};
/* End PBXSourcesBuildPhase section */

/* Begin PBXTargetDependency section */
		2D5434E42BB7D7C200842809 /* PBXTargetDependency */ = {
			isa = PBXTargetDependency;
			target = 2D5434CB2BB7D7C000842809 /* 34th-Sopt-Seminar */;
			targetProxy = 2D5434E32BB7D7C200842809 /* PBXContainerItemProxy */;
		};
		2D5434EE2BB7D7C200842809 /* PBXTargetDependency */ = {
			isa = PBXTargetDependency;
			target = 2D5434CB2BB7D7C000842809 /* 34th-Sopt-Seminar */;
			targetProxy = 2D5434ED2BB7D7C200842809 /* PBXContainerItemProxy */;
		};
/* End PBXTargetDependency section */

/* Begin PBXVariantGroup section */
		2D5434DA2BB7D7C200842809 /* LaunchScreen.storyboard */ = {
			isa = PBXVariantGroup;
			children = (
				2D5434DB2BB7D7C200842809 /* Base */,
			);
			name = LaunchScreen.storyboard;
			sourceTree = "<group>";
		};
/* End PBXVariantGroup section */

/* Begin XCBuildConfiguration section */
		2D5434F42BB7D7C200842809 /* Debug */ = {
			isa = XCBuildConfiguration;
			buildSettings = {
				ALWAYS_SEARCH_USER_PATHS = NO;
				ASSETCATALOG_COMPILER_GENERATE_SWIFT_ASSET_SYMBOL_EXTENSIONS = YES;
				CLANG_ANALYZER_NONNULL = YES;
				CLANG_ANALYZER_NUMBER_OBJECT_CONVERSION = YES_AGGRESSIVE;
				CLANG_CXX_LANGUAGE_STANDARD = "gnu++20";
				CLANG_ENABLE_MODULES = YES;
				CLANG_ENABLE_OBJC_ARC = YES;
				CLANG_ENABLE_OBJC_WEAK = YES;
				CLANG_WARN_BLOCK_CAPTURE_AUTORELEASING = YES;
				CLANG_WARN_BOOL_CONVERSION = YES;
				CLANG_WARN_COMMA = YES;
				CLANG_WARN_CONSTANT_CONVERSION = YES;
				CLANG_WARN_DEPRECATED_OBJC_IMPLEMENTATIONS = YES;
				CLANG_WARN_DIRECT_OBJC_ISA_USAGE = YES_ERROR;
				CLANG_WARN_DOCUMENTATION_COMMENTS = YES;
				CLANG_WARN_EMPTY_BODY = YES;
				CLANG_WARN_ENUM_CONVERSION = YES;
				CLANG_WARN_INFINITE_RECURSION = YES;
				CLANG_WARN_INT_CONVERSION = YES;
				CLANG_WARN_NON_LITERAL_NULL_CONVERSION = YES;
				CLANG_WARN_OBJC_IMPLICIT_RETAIN_SELF = YES;
				CLANG_WARN_OBJC_LITERAL_CONVERSION = YES;
				CLANG_WARN_OBJC_ROOT_CLASS = YES_ERROR;
				CLANG_WARN_QUOTED_INCLUDE_IN_FRAMEWORK_HEADER = YES;
				CLANG_WARN_RANGE_LOOP_ANALYSIS = YES;
				CLANG_WARN_STRICT_PROTOTYPES = YES;
				CLANG_WARN_SUSPICIOUS_MOVE = YES;
				CLANG_WARN_UNGUARDED_AVAILABILITY = YES_AGGRESSIVE;
				CLANG_WARN_UNREACHABLE_CODE = YES;
				CLANG_WARN__DUPLICATE_METHOD_MATCH = YES;
				COPY_PHASE_STRIP = NO;
				DEBUG_INFORMATION_FORMAT = dwarf;
				ENABLE_STRICT_OBJC_MSGSEND = YES;
				ENABLE_TESTABILITY = YES;
				ENABLE_USER_SCRIPT_SANDBOXING = YES;
				GCC_C_LANGUAGE_STANDARD = gnu17;
				GCC_DYNAMIC_NO_PIC = NO;
				GCC_NO_COMMON_BLOCKS = YES;
				GCC_OPTIMIZATION_LEVEL = 0;
				GCC_PREPROCESSOR_DEFINITIONS = (
					"DEBUG=1",
					"$(inherited)",
				);
				GCC_WARN_64_TO_32_BIT_CONVERSION = YES;
				GCC_WARN_ABOUT_RETURN_TYPE = YES_ERROR;
				GCC_WARN_UNDECLARED_SELECTOR = YES;
				GCC_WARN_UNINITIALIZED_AUTOS = YES_AGGRESSIVE;
				GCC_WARN_UNUSED_FUNCTION = YES;
				GCC_WARN_UNUSED_VARIABLE = YES;
				IPHONEOS_DEPLOYMENT_TARGET = 17.0;
				LOCALIZATION_PREFERS_STRING_CATALOGS = YES;
				MTL_ENABLE_DEBUG_INFO = INCLUDE_SOURCE;
				MTL_FAST_MATH = YES;
				ONLY_ACTIVE_ARCH = YES;
				SDKROOT = iphoneos;
				SWIFT_ACTIVE_COMPILATION_CONDITIONS = "DEBUG $(inherited)";
				SWIFT_OPTIMIZATION_LEVEL = "-Onone";
			};
			name = Debug;
		};
		2D5434F52BB7D7C200842809 /* Release */ = {
			isa = XCBuildConfiguration;
			buildSettings = {
				ALWAYS_SEARCH_USER_PATHS = NO;
				ASSETCATALOG_COMPILER_GENERATE_SWIFT_ASSET_SYMBOL_EXTENSIONS = YES;
				CLANG_ANALYZER_NONNULL = YES;
				CLANG_ANALYZER_NUMBER_OBJECT_CONVERSION = YES_AGGRESSIVE;
				CLANG_CXX_LANGUAGE_STANDARD = "gnu++20";
				CLANG_ENABLE_MODULES = YES;
				CLANG_ENABLE_OBJC_ARC = YES;
				CLANG_ENABLE_OBJC_WEAK = YES;
				CLANG_WARN_BLOCK_CAPTURE_AUTORELEASING = YES;
				CLANG_WARN_BOOL_CONVERSION = YES;
				CLANG_WARN_COMMA = YES;
				CLANG_WARN_CONSTANT_CONVERSION = YES;
				CLANG_WARN_DEPRECATED_OBJC_IMPLEMENTATIONS = YES;
				CLANG_WARN_DIRECT_OBJC_ISA_USAGE = YES_ERROR;
				CLANG_WARN_DOCUMENTATION_COMMENTS = YES;
				CLANG_WARN_EMPTY_BODY = YES;
				CLANG_WARN_ENUM_CONVERSION = YES;
				CLANG_WARN_INFINITE_RECURSION = YES;
				CLANG_WARN_INT_CONVERSION = YES;
				CLANG_WARN_NON_LITERAL_NULL_CONVERSION = YES;
				CLANG_WARN_OBJC_IMPLICIT_RETAIN_SELF = YES;
				CLANG_WARN_OBJC_LITERAL_CONVERSION = YES;
				CLANG_WARN_OBJC_ROOT_CLASS = YES_ERROR;
				CLANG_WARN_QUOTED_INCLUDE_IN_FRAMEWORK_HEADER = YES;
				CLANG_WARN_RANGE_LOOP_ANALYSIS = YES;
				CLANG_WARN_STRICT_PROTOTYPES = YES;
				CLANG_WARN_SUSPICIOUS_MOVE = YES;
				CLANG_WARN_UNGUARDED_AVAILABILITY = YES_AGGRESSIVE;
				CLANG_WARN_UNREACHABLE_CODE = YES;
				CLANG_WARN__DUPLICATE_METHOD_MATCH = YES;
				COPY_PHASE_STRIP = NO;
				DEBUG_INFORMATION_FORMAT = "dwarf-with-dsym";
				ENABLE_NS_ASSERTIONS = NO;
				ENABLE_STRICT_OBJC_MSGSEND = YES;
				ENABLE_USER_SCRIPT_SANDBOXING = YES;
				GCC_C_LANGUAGE_STANDARD = gnu17;
				GCC_NO_COMMON_BLOCKS = YES;
				GCC_WARN_64_TO_32_BIT_CONVERSION = YES;
				GCC_WARN_ABOUT_RETURN_TYPE = YES_ERROR;
				GCC_WARN_UNDECLARED_SELECTOR = YES;
				GCC_WARN_UNINITIALIZED_AUTOS = YES_AGGRESSIVE;
				GCC_WARN_UNUSED_FUNCTION = YES;
				GCC_WARN_UNUSED_VARIABLE = YES;
				IPHONEOS_DEPLOYMENT_TARGET = 17.0;
				LOCALIZATION_PREFERS_STRING_CATALOGS = YES;
				MTL_ENABLE_DEBUG_INFO = NO;
				MTL_FAST_MATH = YES;
				SDKROOT = iphoneos;
				SWIFT_COMPILATION_MODE = wholemodule;
				VALIDATE_PRODUCT = YES;
			};
			name = Release;
		};
		2D5434F72BB7D7C200842809 /* Debug */ = {
			isa = XCBuildConfiguration;
			buildSettings = {
				ASSETCATALOG_COMPILER_APPICON_NAME = AppIcon;
				ASSETCATALOG_COMPILER_GLOBAL_ACCENT_COLOR_NAME = AccentColor;
				BASE_URL = "http://34.64.233.12:8080";
				CODE_SIGN_IDENTITY = "Apple Development";
				CODE_SIGN_STYLE = Manual;
				CURRENT_PROJECT_VERSION = 1;
				DEVELOPMENT_TEAM = "";
				GENERATE_INFOPLIST_FILE = YES;
				INFOPLIST_FILE = "34th-Sopt-Seminar/Info.plist";
				INFOPLIST_KEY_UIApplicationSupportsIndirectInputEvents = YES;
				INFOPLIST_KEY_UILaunchStoryboardName = "";
				INFOPLIST_KEY_UISupportedInterfaceOrientations_iPad = "UIInterfaceOrientationPortrait UIInterfaceOrientationPortraitUpsideDown UIInterfaceOrientationLandscapeLeft UIInterfaceOrientationLandscapeRight";
				INFOPLIST_KEY_UISupportedInterfaceOrientations_iPhone = "UIInterfaceOrientationPortrait UIInterfaceOrientationLandscapeLeft UIInterfaceOrientationLandscapeRight";
				LD_RUNPATH_SEARCH_PATHS = (
					"$(inherited)",
					"@executable_path/Frameworks",
				);
				MARKETING_VERSION = 1.0;
				PRODUCT_BUNDLE_IDENTIFIER = "uno.-4th-Sopt-Seminar";
				PRODUCT_NAME = "$(TARGET_NAME)";
				PROVISIONING_PROFILE_SPECIFIER = "";
				SWIFT_EMIT_LOC_STRINGS = YES;
				SWIFT_VERSION = 5.0;
				TARGETED_DEVICE_FAMILY = "1,2";
			};
			name = Debug;
		};
		2D5434F82BB7D7C200842809 /* Release */ = {
			isa = XCBuildConfiguration;
			buildSettings = {
				ASSETCATALOG_COMPILER_APPICON_NAME = AppIcon;
				ASSETCATALOG_COMPILER_GLOBAL_ACCENT_COLOR_NAME = AccentColor;
				BASE_URL = "http://34.64.233.12:8080";
				CODE_SIGN_IDENTITY = "Apple Development";
				CODE_SIGN_STYLE = Manual;
				CURRENT_PROJECT_VERSION = 1;
				DEVELOPMENT_TEAM = "";
				GENERATE_INFOPLIST_FILE = YES;
				INFOPLIST_FILE = "34th-Sopt-Seminar/Info.plist";
				INFOPLIST_KEY_UIApplicationSupportsIndirectInputEvents = YES;
				INFOPLIST_KEY_UILaunchStoryboardName = "";
				INFOPLIST_KEY_UISupportedInterfaceOrientations_iPad = "UIInterfaceOrientationPortrait UIInterfaceOrientationPortraitUpsideDown UIInterfaceOrientationLandscapeLeft UIInterfaceOrientationLandscapeRight";
				INFOPLIST_KEY_UISupportedInterfaceOrientations_iPhone = "UIInterfaceOrientationPortrait UIInterfaceOrientationLandscapeLeft UIInterfaceOrientationLandscapeRight";
				LD_RUNPATH_SEARCH_PATHS = (
					"$(inherited)",
					"@executable_path/Frameworks",
				);
				MARKETING_VERSION = 1.0;
				PRODUCT_BUNDLE_IDENTIFIER = "uno.-4th-Sopt-Seminar";
				PRODUCT_NAME = "$(TARGET_NAME)";
				PROVISIONING_PROFILE_SPECIFIER = "";
				SWIFT_EMIT_LOC_STRINGS = YES;
				SWIFT_VERSION = 5.0;
				TARGETED_DEVICE_FAMILY = "1,2";
			};
			name = Release;
		};
		2D5434FA2BB7D7C200842809 /* Debug */ = {
			isa = XCBuildConfiguration;
			buildSettings = {
				ALWAYS_EMBED_SWIFT_STANDARD_LIBRARIES = YES;
				BUNDLE_LOADER = "$(TEST_HOST)";
				CODE_SIGN_STYLE = Automatic;
				CURRENT_PROJECT_VERSION = 1;
				DEVELOPMENT_TEAM = 3BFLHJ2HKG;
				GENERATE_INFOPLIST_FILE = YES;
				IPHONEOS_DEPLOYMENT_TARGET = 17.0;
				MARKETING_VERSION = 1.0;
				PRODUCT_BUNDLE_IDENTIFIER = "uno.-4th-Sopt-SeminarTests";
				PRODUCT_NAME = "$(TARGET_NAME)";
				SWIFT_EMIT_LOC_STRINGS = NO;
				SWIFT_VERSION = 5.0;
				TARGETED_DEVICE_FAMILY = "1,2";
				TEST_HOST = "$(BUILT_PRODUCTS_DIR)/34th-Sopt-Seminar.app/$(BUNDLE_EXECUTABLE_FOLDER_PATH)/34th-Sopt-Seminar";
			};
			name = Debug;
		};
		2D5434FB2BB7D7C200842809 /* Release */ = {
			isa = XCBuildConfiguration;
			buildSettings = {
				ALWAYS_EMBED_SWIFT_STANDARD_LIBRARIES = YES;
				BUNDLE_LOADER = "$(TEST_HOST)";
				CODE_SIGN_STYLE = Automatic;
				CURRENT_PROJECT_VERSION = 1;
				DEVELOPMENT_TEAM = 3BFLHJ2HKG;
				GENERATE_INFOPLIST_FILE = YES;
				IPHONEOS_DEPLOYMENT_TARGET = 17.0;
				MARKETING_VERSION = 1.0;
				PRODUCT_BUNDLE_IDENTIFIER = "uno.-4th-Sopt-SeminarTests";
				PRODUCT_NAME = "$(TARGET_NAME)";
				SWIFT_EMIT_LOC_STRINGS = NO;
				SWIFT_VERSION = 5.0;
				TARGETED_DEVICE_FAMILY = "1,2";
				TEST_HOST = "$(BUILT_PRODUCTS_DIR)/34th-Sopt-Seminar.app/$(BUNDLE_EXECUTABLE_FOLDER_PATH)/34th-Sopt-Seminar";
			};
			name = Release;
		};
		2D5434FD2BB7D7C200842809 /* Debug */ = {
			isa = XCBuildConfiguration;
			buildSettings = {
				ALWAYS_EMBED_SWIFT_STANDARD_LIBRARIES = YES;
				CODE_SIGN_STYLE = Automatic;
				CURRENT_PROJECT_VERSION = 1;
				DEVELOPMENT_TEAM = 3BFLHJ2HKG;
				GENERATE_INFOPLIST_FILE = YES;
				MARKETING_VERSION = 1.0;
				PRODUCT_BUNDLE_IDENTIFIER = "uno.-4th-Sopt-SeminarUITests";
				PRODUCT_NAME = "$(TARGET_NAME)";
				SWIFT_EMIT_LOC_STRINGS = NO;
				SWIFT_VERSION = 5.0;
				TARGETED_DEVICE_FAMILY = "1,2";
				TEST_TARGET_NAME = "34th-Sopt-Seminar";
			};
			name = Debug;
		};
		2D5434FE2BB7D7C200842809 /* Release */ = {
			isa = XCBuildConfiguration;
			buildSettings = {
				ALWAYS_EMBED_SWIFT_STANDARD_LIBRARIES = YES;
				CODE_SIGN_STYLE = Automatic;
				CURRENT_PROJECT_VERSION = 1;
				DEVELOPMENT_TEAM = 3BFLHJ2HKG;
				GENERATE_INFOPLIST_FILE = YES;
				MARKETING_VERSION = 1.0;
				PRODUCT_BUNDLE_IDENTIFIER = "uno.-4th-Sopt-SeminarUITests";
				PRODUCT_NAME = "$(TARGET_NAME)";
				SWIFT_EMIT_LOC_STRINGS = NO;
				SWIFT_VERSION = 5.0;
				TARGETED_DEVICE_FAMILY = "1,2";
				TEST_TARGET_NAME = "34th-Sopt-Seminar";
			};
			name = Release;
		};
/* End XCBuildConfiguration section */

/* Begin XCConfigurationList section */
		2D5434C72BB7D7C000842809 /* Build configuration list for PBXProject "34th-Sopt-Seminar" */ = {
			isa = XCConfigurationList;
			buildConfigurations = (
				2D5434F42BB7D7C200842809 /* Debug */,
				2D5434F52BB7D7C200842809 /* Release */,
			);
			defaultConfigurationIsVisible = 0;
			defaultConfigurationName = Release;
		};
		2D5434F62BB7D7C200842809 /* Build configuration list for PBXNativeTarget "34th-Sopt-Seminar" */ = {
			isa = XCConfigurationList;
			buildConfigurations = (
				2D5434F72BB7D7C200842809 /* Debug */,
				2D5434F82BB7D7C200842809 /* Release */,
			);
			defaultConfigurationIsVisible = 0;
			defaultConfigurationName = Release;
		};
		2D5434F92BB7D7C200842809 /* Build configuration list for PBXNativeTarget "34th-Sopt-SeminarTests" */ = {
			isa = XCConfigurationList;
			buildConfigurations = (
				2D5434FA2BB7D7C200842809 /* Debug */,
				2D5434FB2BB7D7C200842809 /* Release */,
			);
			defaultConfigurationIsVisible = 0;
			defaultConfigurationName = Release;
		};
		2D5434FC2BB7D7C200842809 /* Build configuration list for PBXNativeTarget "34th-Sopt-SeminarUITests" */ = {
			isa = XCConfigurationList;
			buildConfigurations = (
				2D5434FD2BB7D7C200842809 /* Debug */,
				2D5434FE2BB7D7C200842809 /* Release */,
			);
			defaultConfigurationIsVisible = 0;
			defaultConfigurationName = Release;
		};
/* End XCConfigurationList section */

/* Begin XCRemoteSwiftPackageReference section */
		2DD60FE92BC127AE00B362F1 /* XCRemoteSwiftPackageReference "SnapKit" */ = {
			isa = XCRemoteSwiftPackageReference;
			repositoryURL = "https://github.com/SnapKit/SnapKit.git";
			requirement = {
				kind = upToNextMajorVersion;
				minimumVersion = 5.7.1;
			};
		};
		2DD6ECA92BDCC84A00949D97 /* XCRemoteSwiftPackageReference "Moya" */ = {
			isa = XCRemoteSwiftPackageReference;
			repositoryURL = "https://github.com/Moya/Moya.git";
			requirement = {
				kind = upToNextMajorVersion;
				minimumVersion = 15.0.3;
			};
		};
		2DD6ECC42BDCD02600949D97 /* XCRemoteSwiftPackageReference "Then" */ = {
			isa = XCRemoteSwiftPackageReference;
			repositoryURL = "https://github.com/devxoul/Then";
			requirement = {
				kind = upToNextMajorVersion;
				minimumVersion = 3.0.0;
			};
		};
/* End XCRemoteSwiftPackageReference section */

/* Begin XCSwiftPackageProductDependency section */
		2DD60FEA2BC127AE00B362F1 /* SnapKit */ = {
			isa = XCSwiftPackageProductDependency;
			package = 2DD60FE92BC127AE00B362F1 /* XCRemoteSwiftPackageReference "SnapKit" */;
			productName = SnapKit;
		};
		2DD6ECAA2BDCC84A00949D97 /* Moya */ = {
			isa = XCSwiftPackageProductDependency;
			package = 2DD6ECA92BDCC84A00949D97 /* XCRemoteSwiftPackageReference "Moya" */;
			productName = Moya;
		};
		2DD6ECC52BDCD02600949D97 /* Then */ = {
			isa = XCSwiftPackageProductDependency;
			package = 2DD6ECC42BDCD02600949D97 /* XCRemoteSwiftPackageReference "Then" */;
			productName = Then;
		};
/* End XCSwiftPackageProductDependency section */
	};
	rootObject = 2D5434C42BB7D7C000842809 /* Project object */;
}
